
Microsoft Visual Studio Solution File, Format Version 12.00
# Visual Studio Version 16
VisualStudioVersion = 16.0.31402.337
MinimumVisualStudioVersion = 10.0.40219.1
Project("{2150E333-8FDC-42A3-9474-1A3956D46DE8}") = "01.DB.WebApi", "01.DB.WebApi", "{5E12CA48-6893-45B0-B0FA-66B2BCED75B3}"
EndProject
Project("{2150E333-8FDC-42A3-9474-1A3956D46DE8}") = "02.DB.Manager", "02.DB.Manager", "{DB9A1209-2DEA-4B07-94EE-2708DAE3D752}"
EndProject
Project("{2150E333-8FDC-42A3-9474-1A3956D46DE8}") = "03.DB.Data", "03.DB.Data", "{3215E77F-90D4-4CC8-92DB-83278E9B9BA3}"
EndProject
Project("{2150E333-8FDC-42A3-9474-1A3956D46DE8}") = "04.DB.Core", "04.DB.Core", "{9B6A350A-B13D-4305-B3AE-226B98141A8D}"
EndProject
Project("{2150E333-8FDC-42A3-9474-1A3956D46DE8}") = "05.DB.Tests", "05.DB.Tests", "{6222407A-10F3-42A2-B232-4651EE787BC2}"
EndProject
Project("{FAE04EC0-301F-11D3-BF4B-00C04F79EFBC}") = "DB.Manager", "DB.Manager\DB.Manager.csproj", "{BED5DBE3-B3B2-43EF-8B9F-96E0D97550BF}"
EndProject
Project("{FAE04EC0-301F-11D3-BF4B-00C04F79EFBC}") = "DB.WebApi", "DB.WebApi\DB.WebApi.csproj", "{FC5FD27C-6B76-48C5-8E5C-E9BC06DD413C}"
EndProject
Project("{FAE04EC0-301F-11D3-BF4B-00C04F79EFBC}") = "DB.Data", "DB.Data\DB.Data.csproj", "{2B0EE6F8-AE76-4964-96EF-53837ACA8C7C}"
EndProject
Project("{FAE04EC0-301F-11D3-BF4B-00C04F79EFBC}") = "DB.Core", "DB.Core\DB.Core.csproj", "{AA5A2879-B747-409F-9C26-CB32C94BA609}"
EndProject
Project("{FAE04EC0-301F-11D3-BF4B-00C04F79EFBC}") = "DB.Tests", "DB.Tests\DB.Tests.csproj", "{E7C5FC92-6FB5-48C1-BC18-09D687722625}"
EndProject
Global
	GlobalSection(SolutionConfigurationPlatforms) = preSolution
		Debug|Any CPU = Debug|Any CPU
		Release|Any CPU = Release|Any CPU
	EndGlobalSection
	GlobalSection(ProjectConfigurationPlatforms) = postSolution
		{BED5DBE3-B3B2-43EF-8B9F-96E0D97550BF}.Debug|Any CPU.ActiveCfg = Debug|Any CPU
		{BED5DBE3-B3B2-43EF-8B9F-96E0D97550BF}.Debug|Any CPU.Build.0 = Debug|Any CPU
		{BED5DBE3-B3B2-43EF-8B9F-96E0D97550BF}.Release|Any CPU.ActiveCfg = Release|Any CPU
		{BED5DBE3-B3B2-43EF-8B9F-96E0D97550BF}.Release|Any CPU.Build.0 = Release|Any CPU
		{FC5FD27C-6B76-48C5-8E5C-E9BC06DD413C}.Debug|Any CPU.ActiveCfg = Debug|Any CPU
		{FC5FD27C-6B76-48C5-8E5C-E9BC06DD413C}.Debug|Any CPU.Build.0 = Debug|Any CPU
		{FC5FD27C-6B76-48C5-8E5C-E9BC06DD413C}.Release|Any CPU.ActiveCfg = Release|Any CPU
		{FC5FD27C-6B76-48C5-8E5C-E9BC06DD413C}.Release|Any CPU.Build.0 = Release|Any CPU
		{2B0EE6F8-AE76-4964-96EF-53837ACA8C7C}.Debug|Any CPU.ActiveCfg = Debug|Any CPU
		{2B0EE6F8-AE76-4964-96EF-53837ACA8C7C}.Debug|Any CPU.Build.0 = Debug|Any CPU
		{2B0EE6F8-AE76-4964-96EF-53837ACA8C7C}.Release|Any CPU.ActiveCfg = Release|Any CPU
		{2B0EE6F8-AE76-4964-96EF-53837ACA8C7C}.Release|Any CPU.Build.0 = Release|Any CPU
		{AA5A2879-B747-409F-9C26-CB32C94BA609}.Debug|Any CPU.ActiveCfg = Debug|Any CPU
		{AA5A2879-B747-409F-9C26-CB32C94BA609}.Debug|Any CPU.Build.0 = Debug|Any CPU
		{AA5A2879-B747-409F-9C26-CB32C94BA609}.Release|Any CPU.ActiveCfg = Release|Any CPU
		{AA5A2879-B747-409F-9C26-CB32C94BA609}.Release|Any CPU.Build.0 = Release|Any CPU
		{E7C5FC92-6FB5-48C1-BC18-09D687722625}.Debug|Any CPU.ActiveCfg = Debug|Any CPU
		{E7C5FC92-6FB5-48C1-BC18-09D687722625}.Debug|Any CPU.Build.0 = Debug|Any CPU
		{E7C5FC92-6FB5-48C1-BC18-09D687722625}.Release|Any CPU.ActiveCfg = Release|Any CPU
		{E7C5FC92-6FB5-48C1-BC18-09D687722625}.Release|Any CPU.Build.0 = Release|Any CPU
	EndGlobalSection
	GlobalSection(SolutionProperties) = preSolution
		HideSolutionNode = FALSE
	EndGlobalSection
	GlobalSection(NestedProjects) = preSolution
		{BED5DBE3-B3B2-43EF-8B9F-96E0D97550BF} = {DB9A1209-2DEA-4B07-94EE-2708DAE3D752}
		{FC5FD27C-6B76-48C5-8E5C-E9BC06DD413C} = {5E12CA48-6893-45B0-B0FA-66B2BCED75B3}
		{2B0EE6F8-AE76-4964-96EF-53837ACA8C7C} = {3215E77F-90D4-4CC8-92DB-83278E9B9BA3}
		{AA5A2879-B747-409F-9C26-CB32C94BA609} = {9B6A350A-B13D-4305-B3AE-226B98141A8D}
		{E7C5FC92-6FB5-48C1-BC18-09D687722625} = {6222407A-10F3-42A2-B232-4651EE787BC2}
	EndGlobalSection
	GlobalSection(ExtensibilityGlobals) = postSolution
		SolutionGuid = {D5D71B45-2E2A-4B8F-9A46-C9EC91EBAEDE}
	EndGlobalSection
EndGlobal
